{
  "version": 4,
  "terraform_version": "1.11.3",
  "serial": 704,
  "lineage": "fdd389ff-d33c-da3a-63ce-8ed5f6b18c01",
  "outputs": {
    "hostname-twe-agg01": {
      "value": "Dev-Test-AGG01",
      "type": "string"
    },
    "hostname-twe-agg02": {
      "value": "Dev-Test-AGG02",
      "type": "string"
    }
  },
  "resources": [
    {
      "mode": "data",
      "type": "nxos_system",
      "name": "system-info-twe-agg01",
      "provider": "provider[\"registry.terraform.io/ciscodevnet/nxos\"].twe-agg01",
      "instances": [
        {
          "schema_version": 0,
          "attributes": {
            "device": null,
            "id": "sys",
            "name": "Dev-Test-AGG01"
          },
          "sensitive_attributes": []
        }
      ]
    },
    {
      "mode": "data",
      "type": "nxos_system",
      "name": "system-info-twe-agg02",
      "provider": "provider[\"registry.terraform.io/ciscodevnet/nxos\"].twe-agg02",
      "instances": [
        {
          "schema_version": 0,
          "attributes": {
            "device": null,
            "id": "sys",
            "name": "Dev-Test-AGG02"
          },
          "sensitive_attributes": []
        }
      ]
    },
    {
      "module": "module.config-common-vlans",
      "mode": "managed",
      "type": "nxos_bridge_domain",
      "name": "vlan-agg01",
      "provider": "module.config-common-vlans.provider[\"registry.terraform.io/ciscodevnet/nxos\"].twe-agg01",
      "instances": [
        {
          "index_key": "10",
          "schema_version": 0,
          "attributes": {
            "access_encap": "unknown",
            "device": null,
            "fabric_encap": "vlan-10",
            "id": "sys/bd/bd-[vlan-10]",
            "name": "TEMP-TEST"
          },
          "sensitive_attributes": [],
          "private": "eyJpbXBvcnRpbmciOiJNQT09In0="
        },
        {
          "index_key": "1100",
          "schema_version": 0,
          "attributes": {
            "access_encap": "unknown",
            "device": null,
            "fabric_encap": "vlan-1100",
            "id": "sys/bd/bd-[vlan-1100]",
            "name": "xx-01_AGG_to_EDG"
          },
          "sensitive_attributes": [],
          "private": "eyJpbXBvcnRpbmciOiJNQT09In0="
        },
        {
          "index_key": "1101",
          "schema_version": 0,
          "attributes": {
            "access_encap": "unknown",
            "device": null,
            "fabric_encap": "vlan-1101",
            "id": "sys/bd/bd-[vlan-1101]",
            "name": "XX-01_ES_EDG"
          },
          "sensitive_attributes": [],
          "private": "eyJpbXBvcnRpbmciOiJNQT09In0="
        },
        {
          "index_key": "20",
          "schema_version": 0,
          "attributes": {
            "access_encap": "unknown",
            "device": null,
            "fabric_encap": "vlan-20",
            "id": "sys/bd/bd-[vlan-20]",
            "name": "TEMP-TEST2"
          },
          "sensitive_attributes": [],
          "private": "eyJpbXBvcnRpbmciOiJNQT09In0="
        }
      ]
    },
    {
      "module": "module.config-common-vlans",
      "mode": "managed",
      "type": "nxos_bridge_domain",
      "name": "vlan-agg02",
      "provider": "module.config-common-vlans.provider[\"registry.terraform.io/ciscodevnet/nxos\"].twe-agg02",
      "instances": [
        {
          "index_key": "10",
          "schema_version": 0,
          "attributes": {
            "access_encap": "unknown",
            "device": null,
            "fabric_encap": "vlan-10",
            "id": "sys/bd/bd-[vlan-10]",
            "name": "TEMP-TEST"
          },
          "sensitive_attributes": [],
          "private": "eyJpbXBvcnRpbmciOiJNQT09In0="
        },
        {
          "index_key": "1100",
          "schema_version": 0,
          "attributes": {
            "access_encap": "unknown",
            "device": null,
            "fabric_encap": "vlan-1100",
            "id": "sys/bd/bd-[vlan-1100]",
            "name": "xx-01_AGG_to_EDG"
          },
          "sensitive_attributes": [],
          "private": "eyJpbXBvcnRpbmciOiJNQT09In0="
        },
        {
          "index_key": "1101",
          "schema_version": 0,
          "attributes": {
            "access_encap": "unknown",
            "device": null,
            "fabric_encap": "vlan-1101",
            "id": "sys/bd/bd-[vlan-1101]",
            "name": "XX-01_ES_EDG"
          },
          "sensitive_attributes": [],
          "private": "eyJpbXBvcnRpbmciOiJNQT09In0="
        },
        {
          "index_key": "20",
          "schema_version": 0,
          "attributes": {
            "access_encap": "unknown",
            "device": null,
            "fabric_encap": "vlan-20",
            "id": "sys/bd/bd-[vlan-20]",
            "name": "TEMP-TEST2"
          },
          "sensitive_attributes": [],
          "private": "eyJpbXBvcnRpbmciOiJNQT09In0="
        }
      ]
    },
    {
      "module": "module.config-eth-int",
      "mode": "managed",
      "type": "nxos_physical_interface",
      "name": "l2_int-agg01",
      "provider": "module.config-eth-int.provider[\"registry.terraform.io/ciscodevnet/nxos\"].twe-agg01",
      "instances": [
        {
          "index_key": "eth1_7",
          "schema_version": 0,
          "attributes": {
            "access_vlan": "vlan-1",
            "admin_state": "up",
            "auto_negotiation": "on",
            "bandwidth": 0,
            "delay": 1,
            "description": "### vPC peer-link ###",
            "device": null,
            "duplex": "auto",
            "fec_mode": "auto",
            "id": "sys/intf/phys-[eth1/7]",
            "interface_id": "eth1/7",
            "layer": "Layer2",
            "link_debounce_down": 100,
            "link_debounce_up": 0,
            "link_logging": "default",
            "medium": "broadcast",
            "mode": "trunk",
            "mtu": 1500,
            "native_vlan": "vlan-1",
            "speed": "auto",
            "speed_group": "auto",
            "trunk_vlans": "1-4094",
            "uni_directional_ethernet": "disable",
            "user_configured_flags": null
          },
          "sensitive_attributes": [],
          "private": "eyJpbXBvcnRpbmciOiJNQT09In0="
        },
        {
          "index_key": "eth1_8",
          "schema_version": 0,
          "attributes": {
            "access_vlan": "vlan-1",
            "admin_state": "up",
            "auto_negotiation": "on",
            "bandwidth": 0,
            "delay": 1,
            "description": "### vPC peer-link ###",
            "device": null,
            "duplex": "auto",
            "fec_mode": "auto",
            "id": "sys/intf/phys-[eth1/8]",
            "interface_id": "eth1/8",
            "layer": "Layer2",
            "link_debounce_down": 100,
            "link_debounce_up": 0,
            "link_logging": "default",
            "medium": "broadcast",
            "mode": "trunk",
            "mtu": 1500,
            "native_vlan": "vlan-1",
            "speed": "auto",
            "speed_group": "auto",
            "trunk_vlans": "1-4094",
            "uni_directional_ethernet": "disable",
            "user_configured_flags": null
          },
          "sensitive_attributes": [],
          "private": "eyJpbXBvcnRpbmciOiJNQT09In0="
        }
      ]
    },
    {
      "module": "module.config-eth-int",
      "mode": "managed",
      "type": "nxos_physical_interface",
      "name": "l2_int-agg02",
      "provider": "module.config-eth-int.provider[\"registry.terraform.io/ciscodevnet/nxos\"].twe-agg02",
      "instances": [
        {
          "index_key": "eth1_7",
          "schema_version": 0,
          "attributes": {
            "access_vlan": "vlan-1",
            "admin_state": "up",
            "auto_negotiation": "on",
            "bandwidth": 0,
            "delay": 1,
            "description": "### vPC peer-link ###",
            "device": null,
            "duplex": "auto",
            "fec_mode": "auto",
            "id": "sys/intf/phys-[eth1/7]",
            "interface_id": "eth1/7",
            "layer": "Layer2",
            "link_debounce_down": 100,
            "link_debounce_up": 0,
            "link_logging": "default",
            "medium": "broadcast",
            "mode": "trunk",
            "mtu": 1500,
            "native_vlan": "vlan-1",
            "speed": "auto",
            "speed_group": "auto",
            "trunk_vlans": "1-4094",
            "uni_directional_ethernet": "disable",
            "user_configured_flags": null
          },
          "sensitive_attributes": [],
          "private": "eyJpbXBvcnRpbmciOiJNQT09In0="
        },
        {
          "index_key": "eth1_8",
          "schema_version": 0,
          "attributes": {
            "access_vlan": "vlan-1",
            "admin_state": "up",
            "auto_negotiation": "on",
            "bandwidth": 0,
            "delay": 1,
            "description": "### vPC peer-link ###",
            "device": null,
            "duplex": "auto",
            "fec_mode": "auto",
            "id": "sys/intf/phys-[eth1/8]",
            "interface_id": "eth1/8",
            "layer": "Layer2",
            "link_debounce_down": 100,
            "link_debounce_up": 0,
            "link_logging": "default",
            "medium": "broadcast",
            "mode": "trunk",
            "mtu": 1500,
            "native_vlan": "vlan-1",
            "speed": "auto",
            "speed_group": "auto",
            "trunk_vlans": "1-4094",
            "uni_directional_ethernet": "disable",
            "user_configured_flags": null
          },
          "sensitive_attributes": [],
          "private": "eyJpbXBvcnRpbmciOiJNQT09In0="
        }
      ]
    },
    {
      "module": "module.config-eth-int",
      "mode": "managed",
      "type": "nxos_rest",
      "name": "Configure-eth1_10-po2-twe-agg01",
      "provider": "module.config-eth-int.provider[\"registry.terraform.io/ciscodevnet/nxos\"].twe-agg01",
      "instances": [
        {
          "schema_version": 0,
          "attributes": {
            "children": null,
            "class_name": "l1PhysIf",
            "content": {
              "adminSt": "up",
              "descr": "link to TWE-AGG02 via Port-Channel2",
              "id": "eth1/10",
              "layer": "Layer3",
              "mtu": "9216",
              "status": "created,modified"
            },
            "delete": true,
            "device": null,
            "dn": "sys/intf/phys-[eth1/10]",
            "id": "sys/intf/phys-[eth1/10]"
          },
          "sensitive_attributes": []
        }
      ]
    },
    {
      "module": "module.config-eth-int",
      "mode": "managed",
      "type": "nxos_rest",
      "name": "Configure-eth1_10-po2-twe-agg02",
      "provider": "module.config-eth-int.provider[\"registry.terraform.io/ciscodevnet/nxos\"].twe-agg02",
      "instances": [
        {
          "schema_version": 0,
          "attributes": {
            "children": null,
            "class_name": "l1PhysIf",
            "content": {
              "adminSt": "up",
              "descr": "link to TWE-AGG02 via Port-Channel2",
              "id": "eth1/10",
              "layer": "Layer3",
              "mtu": "9216",
              "status": "created,modified"
            },
            "delete": true,
            "device": null,
            "dn": "sys/intf/phys-[eth1/10]",
            "id": "sys/intf/phys-[eth1/10]"
          },
          "sensitive_attributes": []
        }
      ]
    },
    {
      "module": "module.config-eth-int",
      "mode": "managed",
      "type": "nxos_rest",
      "name": "Configure-eth1_12-po2-twe-agg01",
      "provider": "module.config-eth-int.provider[\"registry.terraform.io/ciscodevnet/nxos\"].twe-agg01",
      "instances": [
        {
          "schema_version": 0,
          "attributes": {
            "children": null,
            "class_name": "l1PhysIf",
            "content": {
              "adminSt": "up",
              "descr": "link to TWE-AGG02 via Port-Channel2",
              "id": "eth1/12",
              "layer": "Layer3",
              "mtu": "9216",
              "status": "created,modified"
            },
            "delete": true,
            "device": null,
            "dn": "sys/intf/phys-[eth1/12]",
            "id": "sys/intf/phys-[eth1/12]"
          },
          "sensitive_attributes": []
        }
      ]
    },
    {
      "module": "module.config-eth-int",
      "mode": "managed",
      "type": "nxos_rest",
      "name": "Configure-eth1_12-po2-twe-agg02",
      "provider": "module.config-eth-int.provider[\"registry.terraform.io/ciscodevnet/nxos\"].twe-agg02",
      "instances": [
        {
          "schema_version": 0,
          "attributes": {
            "children": null,
            "class_name": "l1PhysIf",
            "content": {
              "adminSt": "up",
              "descr": "link to TWE-AGG02 via Port-Channel2",
              "id": "eth1/12",
              "layer": "Layer3",
              "mtu": "9216",
              "status": "created,modified"
            },
            "delete": true,
            "device": null,
            "dn": "sys/intf/phys-[eth1/12]",
            "id": "sys/intf/phys-[eth1/12]"
          },
          "sensitive_attributes": []
        }
      ]
    },
    {
      "module": "module.config-eth-int",
      "mode": "managed",
      "type": "nxos_rest",
      "name": "Configure-eth1_6-po4-twe-agg01",
      "provider": "module.config-eth-int.provider[\"registry.terraform.io/ciscodevnet/nxos\"].twe-agg01",
      "instances": [
        {
          "schema_version": 0,
          "attributes": {
            "children": null,
            "class_name": "l1PhysIf",
            "content": {
              "adminSt": "up",
              "descr": "link to TWE-AGG02 via Port-Channel4",
              "id": "eth1/6",
              "layer": "Layer3",
              "mtu": "9216",
              "status": "created,modified"
            },
            "delete": true,
            "device": null,
            "dn": "sys/intf/phys-[eth1/6]",
            "id": "sys/intf/phys-[eth1/6]"
          },
          "sensitive_attributes": []
        }
      ]
    },
    {
      "module": "module.config-eth-int",
      "mode": "managed",
      "type": "nxos_rest",
      "name": "Configure-eth1_6-po4-twe-agg02",
      "provider": "module.config-eth-int.provider[\"registry.terraform.io/ciscodevnet/nxos\"].twe-agg02",
      "instances": [
        {
          "schema_version": 0,
          "attributes": {
            "children": null,
            "class_name": "l1PhysIf",
            "content": {
              "adminSt": "up",
              "descr": "link to TWE-AGG01 via Port-Channel4",
              "id": "eth1/6",
              "layer": "Layer3",
              "mtu": "9216",
              "status": "created,modified"
            },
            "delete": true,
            "device": null,
            "dn": "sys/intf/phys-[eth1/6]",
            "id": "sys/intf/phys-[eth1/6]"
          },
          "sensitive_attributes": []
        }
      ]
    },
    {
      "module": "module.config-ipv4-int-address",
      "mode": "managed",
      "type": "nxos_ipv4_interface",
      "name": "ipv4-int-lo101-agg01",
      "provider": "module.config-ipv4-int-address.provider[\"registry.terraform.io/ciscodevnet/nxos\"].twe-agg01",
      "instances": [
        {
          "index_key": "lo101",
          "schema_version": 0,
          "attributes": {
            "device": null,
            "drop_glean": "disabled",
            "forward": "disabled",
            "id": "sys/ipv4/inst/dom-[xx01_es_core]/if-[lo101]",
            "interface_id": "lo101",
            "unnumbered": "unspecified",
            "urpf": "disabled",
            "vrf": "xx01_es_core"
          },
          "sensitive_attributes": [],
          "private": "eyJpbXBvcnRpbmciOiJNQT09In0="
        },
        {
          "index_key": "po2_3010",
          "schema_version": 0,
          "attributes": {
            "device": null,
            "drop_glean": "disabled",
            "forward": "disabled",
            "id": "sys/ipv4/inst/dom-[xx01_es_core]/if-[po2.3010]",
            "interface_id": "po2.3010",
            "unnumbered": "unspecified",
            "urpf": "disabled",
            "vrf": "xx01_es_core"
          },
          "sensitive_attributes": [],
          "private": "eyJpbXBvcnRpbmciOiJNQT09In0="
        },
        {
          "index_key": "po4",
          "schema_version": 0,
          "attributes": {
            "device": null,
            "drop_glean": "disabled",
            "forward": "disabled",
            "id": "sys/ipv4/inst/dom-[vpc]/if-[po4]",
            "interface_id": "po4",
            "unnumbered": "unspecified",
            "urpf": "disabled",
            "vrf": "vpc"
          },
          "sensitive_attributes": [],
          "private": "eyJpbXBvcnRpbmciOiJNQT09In0="
        }
      ]
    },
    {
      "module": "module.config-ipv4-int-address",
      "mode": "managed",
      "type": "nxos_ipv4_interface",
      "name": "ipv4-int-lo101-agg02",
      "provider": "module.config-ipv4-int-address.provider[\"registry.terraform.io/ciscodevnet/nxos\"].twe-agg02",
      "instances": [
        {
          "index_key": "lo101",
          "schema_version": 0,
          "attributes": {
            "device": null,
            "drop_glean": "disabled",
            "forward": "disabled",
            "id": "sys/ipv4/inst/dom-[xx01_es_core]/if-[lo101]",
            "interface_id": "lo101",
            "unnumbered": "unspecified",
            "urpf": "disabled",
            "vrf": "xx01_es_core"
          },
          "sensitive_attributes": [],
          "private": "eyJpbXBvcnRpbmciOiJNQT09In0="
        },
        {
          "index_key": "po2_3010",
          "schema_version": 0,
          "attributes": {
            "device": null,
            "drop_glean": "disabled",
            "forward": "disabled",
            "id": "sys/ipv4/inst/dom-[xx01_es_core]/if-[po2.3010]",
            "interface_id": "po2.3010",
            "unnumbered": "unspecified",
            "urpf": "disabled",
            "vrf": "xx01_es_core"
          },
          "sensitive_attributes": [],
          "private": "eyJpbXBvcnRpbmciOiJNQT09In0="
        },
        {
          "index_key": "po4",
          "schema_version": 0,
          "attributes": {
            "device": null,
            "drop_glean": "disabled",
            "forward": "disabled",
            "id": "sys/ipv4/inst/dom-[vpc]/if-[po4]",
            "interface_id": "po4",
            "unnumbered": "unspecified",
            "urpf": "disabled",
            "vrf": "vpc"
          },
          "sensitive_attributes": [],
          "private": "eyJpbXBvcnRpbmciOiJNQT09In0="
        }
      ]
    },
    {
      "module": "module.config-ipv4-int-address",
      "mode": "managed",
      "type": "nxos_ipv4_interface_address",
      "name": "int-lo101-ipv4-address-agg01",
      "provider": "module.config-ipv4-int-address.provider[\"registry.terraform.io/ciscodevnet/nxos\"].twe-agg01",
      "instances": [
        {
          "index_key": "lo101",
          "schema_version": 0,
          "attributes": {
            "address": "10.66.127.3/32",
            "device": null,
            "id": "sys/ipv4/inst/dom-[xx01_es_core]/if-[lo101]/addr-[10.66.127.3/32]",
            "interface_id": "lo101",
            "tag": 0,
            "type": "primary",
            "vrf": "xx01_es_core"
          },
          "sensitive_attributes": [],
          "private": "eyJpbXBvcnRpbmciOiJNQT09In0="
        },
        {
          "index_key": "po2_3010",
          "schema_version": 0,
          "attributes": {
            "address": "10.66.125.10/31",
            "device": null,
            "id": "sys/ipv4/inst/dom-[xx01_es_core]/if-[po2.3010]/addr-[10.66.125.10/31]",
            "interface_id": "po2.3010",
            "tag": 0,
            "type": "primary",
            "vrf": "xx01_es_core"
          },
          "sensitive_attributes": [],
          "private": "eyJpbXBvcnRpbmciOiJNQT09In0="
        },
        {
          "index_key": "po4",
          "schema_version": 0,
          "attributes": {
            "address": "1.1.1.1/30",
            "device": null,
            "id": "sys/ipv4/inst/dom-[vpc]/if-[po4]/addr-[1.1.1.1/30]",
            "interface_id": "po4",
            "tag": 0,
            "type": "primary",
            "vrf": "vpc"
          },
          "sensitive_attributes": [],
          "private": "eyJpbXBvcnRpbmciOiJNQT09In0="
        }
      ]
    },
    {
      "module": "module.config-ipv4-int-address",
      "mode": "managed",
      "type": "nxos_ipv4_interface_address",
      "name": "int-lo101-ipv4-address-agg02",
      "provider": "module.config-ipv4-int-address.provider[\"registry.terraform.io/ciscodevnet/nxos\"].twe-agg02",
      "instances": [
        {
          "index_key": "lo101",
          "schema_version": 0,
          "attributes": {
            "address": "10.66.127.4/32",
            "device": null,
            "id": "sys/ipv4/inst/dom-[xx01_es_core]/if-[lo101]/addr-[10.66.127.4/32]",
            "interface_id": "lo101",
            "tag": 0,
            "type": "primary",
            "vrf": "xx01_es_core"
          },
          "sensitive_attributes": [],
          "private": "eyJpbXBvcnRpbmciOiJNQT09In0="
        },
        {
          "index_key": "po2_3010",
          "schema_version": 0,
          "attributes": {
            "address": "10.66.125.11/31",
            "device": null,
            "id": "sys/ipv4/inst/dom-[xx01_es_core]/if-[po2.3010]/addr-[10.66.125.11/31]",
            "interface_id": "po2.3010",
            "tag": 0,
            "type": "primary",
            "vrf": "xx01_es_core"
          },
          "sensitive_attributes": [],
          "private": "eyJpbXBvcnRpbmciOiJNQT09In0="
        },
        {
          "index_key": "po4",
          "schema_version": 0,
          "attributes": {
            "address": "1.1.1.2/30",
            "device": null,
            "id": "sys/ipv4/inst/dom-[vpc]/if-[po4]/addr-[1.1.1.2/30]",
            "interface_id": "po4",
            "tag": 0,
            "type": "primary",
            "vrf": "vpc"
          },
          "sensitive_attributes": [],
          "private": "eyJpbXBvcnRpbmciOiJNQT09In0="
        }
      ]
    },
    {
      "module": "module.config-loopback-int",
      "mode": "managed",
      "type": "nxos_loopback_interface",
      "name": "loopback_int-agg01",
      "provider": "module.config-loopback-int.provider[\"registry.terraform.io/ciscodevnet/nxos\"].twe-agg01",
      "instances": [
        {
          "index_key": "lo101",
          "schema_version": 0,
          "attributes": {
            "admin_state": "up",
            "description": "### XX-01 loopback ###",
            "device": null,
            "id": "sys/intf/lb-[lo101]",
            "interface_id": "lo101"
          },
          "sensitive_attributes": [],
          "private": "eyJpbXBvcnRpbmciOiJNQT09In0="
        }
      ]
    },
    {
      "module": "module.config-loopback-int",
      "mode": "managed",
      "type": "nxos_loopback_interface",
      "name": "loopback_int-agg02",
      "provider": "module.config-loopback-int.provider[\"registry.terraform.io/ciscodevnet/nxos\"].twe-agg02",
      "instances": [
        {
          "index_key": "lo101",
          "schema_version": 0,
          "attributes": {
            "admin_state": "up",
            "description": "### XX-01 loopback ###",
            "device": null,
            "id": "sys/intf/lb-[lo101]",
            "interface_id": "lo101"
          },
          "sensitive_attributes": [],
          "private": "eyJpbXBvcnRpbmciOiJNQT09In0="
        }
      ]
    },
    {
      "module": "module.config-loopback-int",
      "mode": "managed",
      "type": "nxos_loopback_interface_vrf",
      "name": "loopback_int_vrf-agg01",
      "provider": "module.config-loopback-int.provider[\"registry.terraform.io/ciscodevnet/nxos\"].twe-agg01",
      "instances": [
        {
          "index_key": "lo101",
          "schema_version": 0,
          "attributes": {
            "device": null,
            "id": "sys/intf/lb-[lo101]/rtvrfMbr",
            "interface_id": "lo101",
            "vrf_dn": "sys/inst-xx01_es_core"
          },
          "sensitive_attributes": [],
          "private": "eyJpbXBvcnRpbmciOiJNQT09In0="
        }
      ]
    },
    {
      "module": "module.config-loopback-int",
      "mode": "managed",
      "type": "nxos_loopback_interface_vrf",
      "name": "loopback_int_vrf-agg02",
      "provider": "module.config-loopback-int.provider[\"registry.terraform.io/ciscodevnet/nxos\"].twe-agg02",
      "instances": [
        {
          "index_key": "lo101",
          "schema_version": 0,
          "attributes": {
            "device": null,
            "id": "sys/intf/lb-[lo101]/rtvrfMbr",
            "interface_id": "lo101",
            "vrf_dn": "sys/inst-xx01_es_core"
          },
          "sensitive_attributes": [],
          "private": "eyJpbXBvcnRpbmciOiJNQT09In0="
        }
      ]
    },
    {
      "module": "module.config-po-int",
      "mode": "managed",
      "type": "nxos_port_channel_interface",
      "name": "configure-po-agg01",
      "provider": "module.config-po-int.provider[\"registry.terraform.io/ciscodevnet/nxos\"].twe-agg01",
      "instances": [
        {
          "index_key": "po1",
          "schema_version": 0,
          "attributes": {
            "access_vlan": "vlan-1",
            "admin_state": "up",
            "auto_negotiation": "on",
            "bandwidth": 0,
            "delay": 1,
            "description": "### vPC peer-link ###",
            "device": null,
            "duplex": "auto",
            "id": "sys/intf/aggr-[po1]",
            "interface_id": "po1",
            "layer": "Layer2",
            "link_logging": "default",
            "maximum_links": 32,
            "medium": "broadcast",
            "minimum_links": 1,
            "mode": "trunk",
            "mtu": 1500,
            "native_vlan": "vlan-1",
            "port_channel_mode": "active",
            "speed": "auto",
            "suspend_individual": "disable",
            "trunk_vlans": "1-4094",
            "user_configured_flags": null
          },
          "sensitive_attributes": [],
          "private": "eyJpbXBvcnRpbmciOiJNQT09In0="
        },
        {
          "index_key": "po2",
          "schema_version": 0,
          "attributes": {
            "access_vlan": "vlan-1",
            "admin_state": "up",
            "auto_negotiation": "on",
            "bandwidth": 0,
            "delay": 1,
            "description": "### XX-01 AGG to AGG iBGP ###",
            "device": null,
            "duplex": "auto",
            "id": "sys/intf/aggr-[po2]",
            "interface_id": "po2",
            "layer": "Layer3",
            "link_logging": "default",
            "maximum_links": 32,
            "medium": "broadcast",
            "minimum_links": 1,
            "mode": "access",
            "mtu": 9216,
            "native_vlan": "vlan-1",
            "port_channel_mode": "active",
            "speed": "auto",
            "suspend_individual": "enable",
            "trunk_vlans": "1-4094",
            "user_configured_flags": null
          },
          "sensitive_attributes": [],
          "private": "eyJpbXBvcnRpbmciOiJNQT09In0="
        },
        {
          "index_key": "po4",
          "schema_version": 0,
          "attributes": {
            "access_vlan": "vlan-1",
            "admin_state": "up",
            "auto_negotiation": "on",
            "bandwidth": 0,
            "delay": 1,
            "description": "### vPC peer-keepalive ###",
            "device": null,
            "duplex": "auto",
            "id": "sys/intf/aggr-[po4]",
            "interface_id": "po4",
            "layer": "Layer3",
            "link_logging": "default",
            "maximum_links": 32,
            "medium": "broadcast",
            "minimum_links": 1,
            "mode": "access",
            "mtu": 9216,
            "native_vlan": "vlan-1",
            "port_channel_mode": "active",
            "speed": "auto",
            "suspend_individual": "enable",
            "trunk_vlans": "1-4094",
            "user_configured_flags": null
          },
          "sensitive_attributes": [],
          "private": "eyJpbXBvcnRpbmciOiJNQT09In0="
        }
      ]
    },
    {
      "module": "module.config-po-int",
      "mode": "managed",
      "type": "nxos_port_channel_interface",
      "name": "configure-po-agg02",
      "provider": "module.config-po-int.provider[\"registry.terraform.io/ciscodevnet/nxos\"].twe-agg02",
      "instances": [
        {
          "index_key": "po1",
          "schema_version": 0,
          "attributes": {
            "access_vlan": "vlan-1",
            "admin_state": "up",
            "auto_negotiation": "on",
            "bandwidth": 0,
            "delay": 1,
            "description": "### vPC peer-link ###",
            "device": null,
            "duplex": "auto",
            "id": "sys/intf/aggr-[po1]",
            "interface_id": "po1",
            "layer": "Layer2",
            "link_logging": "default",
            "maximum_links": 32,
            "medium": "broadcast",
            "minimum_links": 1,
            "mode": "trunk",
            "mtu": 1500,
            "native_vlan": "vlan-1",
            "port_channel_mode": "active",
            "speed": "auto",
            "suspend_individual": "disable",
            "trunk_vlans": "1-4094",
            "user_configured_flags": null
          },
          "sensitive_attributes": [],
          "private": "eyJpbXBvcnRpbmciOiJNQT09In0="
        },
        {
          "index_key": "po2",
          "schema_version": 0,
          "attributes": {
            "access_vlan": "vlan-1",
            "admin_state": "up",
            "auto_negotiation": "on",
            "bandwidth": 0,
            "delay": 1,
            "description": "### XX-01 AGG to AGG iBGP ###",
            "device": null,
            "duplex": "auto",
            "id": "sys/intf/aggr-[po2]",
            "interface_id": "po2",
            "layer": "Layer3",
            "link_logging": "default",
            "maximum_links": 32,
            "medium": "broadcast",
            "minimum_links": 1,
            "mode": "access",
            "mtu": 9216,
            "native_vlan": "vlan-1",
            "port_channel_mode": "active",
            "speed": "auto",
            "suspend_individual": "enable",
            "trunk_vlans": "1-4094",
            "user_configured_flags": null
          },
          "sensitive_attributes": [],
          "private": "eyJpbXBvcnRpbmciOiJNQT09In0="
        },
        {
          "index_key": "po4",
          "schema_version": 0,
          "attributes": {
            "access_vlan": "vlan-1",
            "admin_state": "up",
            "auto_negotiation": "on",
            "bandwidth": 0,
            "delay": 1,
            "description": "### vPC peer-keepalive ###",
            "device": null,
            "duplex": "auto",
            "id": "sys/intf/aggr-[po4]",
            "interface_id": "po4",
            "layer": "Layer3",
            "link_logging": "default",
            "maximum_links": 32,
            "medium": "broadcast",
            "minimum_links": 1,
            "mode": "access",
            "mtu": 9216,
            "native_vlan": "vlan-1",
            "port_channel_mode": "active",
            "speed": "auto",
            "suspend_individual": "enable",
            "trunk_vlans": "1-4094",
            "user_configured_flags": null
          },
          "sensitive_attributes": [],
          "private": "eyJpbXBvcnRpbmciOiJNQT09In0="
        }
      ]
    },
    {
      "module": "module.config-po-int",
      "mode": "managed",
      "type": "nxos_port_channel_interface_member",
      "name": "po-int_member_agg02",
      "provider": "module.config-po-int.provider[\"registry.terraform.io/ciscodevnet/nxos\"].twe-agg02",
      "instances": [
        {
          "index_key": "po1-1",
          "schema_version": 0,
          "attributes": {
            "device": null,
            "force": true,
            "id": "sys/intf/aggr-[po1]/rsmbrIfs-[sys/intf/phys-[eth1/7]]",
            "interface_dn": "sys/intf/phys-[eth1/7]",
            "interface_id": "po1"
          },
          "sensitive_attributes": [],
          "private": "eyJpbXBvcnRpbmciOiJNQT09In0="
        },
        {
          "index_key": "po1-2",
          "schema_version": 0,
          "attributes": {
            "device": null,
            "force": true,
            "id": "sys/intf/aggr-[po1]/rsmbrIfs-[sys/intf/phys-[eth1/8]]",
            "interface_dn": "sys/intf/phys-[eth1/8]",
            "interface_id": "po1"
          },
          "sensitive_attributes": [],
          "private": "eyJpbXBvcnRpbmciOiJNQT09In0="
        },
        {
          "index_key": "po2-1",
          "schema_version": 0,
          "attributes": {
            "device": null,
            "force": true,
            "id": "sys/intf/aggr-[po2]/rsmbrIfs-[sys/intf/phys-[eth1/10]]",
            "interface_dn": "sys/intf/phys-[eth1/10]",
            "interface_id": "po2"
          },
          "sensitive_attributes": [],
          "private": "eyJpbXBvcnRpbmciOiJNQT09In0="
        },
        {
          "index_key": "po2-2",
          "schema_version": 0,
          "attributes": {
            "device": null,
            "force": true,
            "id": "sys/intf/aggr-[po2]/rsmbrIfs-[sys/intf/phys-[eth1/12]]",
            "interface_dn": "sys/intf/phys-[eth1/12]",
            "interface_id": "po2"
          },
          "sensitive_attributes": [],
          "private": "eyJpbXBvcnRpbmciOiJNQT09In0="
        },
        {
          "index_key": "po4",
          "schema_version": 0,
          "attributes": {
            "device": null,
            "force": false,
            "id": "sys/intf/aggr-[po4]/rsmbrIfs-[sys/intf/phys-[eth1/6]]",
            "interface_dn": "sys/intf/phys-[eth1/6]",
            "interface_id": "po4"
          },
          "sensitive_attributes": [],
          "private": "eyJpbXBvcnRpbmciOiJNQT09In0="
        }
      ]
    },
    {
      "module": "module.config-po-int",
      "mode": "managed",
      "type": "nxos_port_channel_interface_member",
      "name": "po-member_map_agg01",
      "provider": "module.config-po-int.provider[\"registry.terraform.io/ciscodevnet/nxos\"].twe-agg01",
      "instances": [
        {
          "index_key": "po1-1",
          "schema_version": 0,
          "attributes": {
            "device": null,
            "force": true,
            "id": "sys/intf/aggr-[po1]/rsmbrIfs-[sys/intf/phys-[eth1/7]]",
            "interface_dn": "sys/intf/phys-[eth1/7]",
            "interface_id": "po1"
          },
          "sensitive_attributes": [],
          "private": "eyJpbXBvcnRpbmciOiJNQT09In0="
        },
        {
          "index_key": "po1-2",
          "schema_version": 0,
          "attributes": {
            "device": null,
            "force": true,
            "id": "sys/intf/aggr-[po1]/rsmbrIfs-[sys/intf/phys-[eth1/8]]",
            "interface_dn": "sys/intf/phys-[eth1/8]",
            "interface_id": "po1"
          },
          "sensitive_attributes": [],
          "private": "eyJpbXBvcnRpbmciOiJNQT09In0="
        },
        {
          "index_key": "po2-1",
          "schema_version": 0,
          "attributes": {
            "device": null,
            "force": true,
            "id": "sys/intf/aggr-[po2]/rsmbrIfs-[sys/intf/phys-[eth1/10]]",
            "interface_dn": "sys/intf/phys-[eth1/10]",
            "interface_id": "po2"
          },
          "sensitive_attributes": [],
          "private": "eyJpbXBvcnRpbmciOiJNQT09In0="
        },
        {
          "index_key": "po2-2",
          "schema_version": 0,
          "attributes": {
            "device": null,
            "force": true,
            "id": "sys/intf/aggr-[po2]/rsmbrIfs-[sys/intf/phys-[eth1/12]]",
            "interface_dn": "sys/intf/phys-[eth1/12]",
            "interface_id": "po2"
          },
          "sensitive_attributes": [],
          "private": "eyJpbXBvcnRpbmciOiJNQT09In0="
        },
        {
          "index_key": "po4",
          "schema_version": 0,
          "attributes": {
            "device": null,
            "force": false,
            "id": "sys/intf/aggr-[po4]/rsmbrIfs-[sys/intf/phys-[eth1/6]]",
            "interface_dn": "sys/intf/phys-[eth1/6]",
            "interface_id": "po4"
          },
          "sensitive_attributes": [],
          "private": "eyJpbXBvcnRpbmciOiJNQT09In0="
        }
      ]
    },
    {
      "module": "module.config-po-int",
      "mode": "managed",
      "type": "nxos_port_channel_interface_vrf",
      "name": "po-vrf_map_agg01",
      "provider": "module.config-po-int.provider[\"registry.terraform.io/ciscodevnet/nxos\"].twe-agg01",
      "instances": [
        {
          "index_key": "po4",
          "schema_version": 0,
          "attributes": {
            "device": null,
            "id": "sys/intf/aggr-[po4]/rtvrfMbr",
            "interface_id": "po4",
            "vrf_dn": "sys/inst-vpc"
          },
          "sensitive_attributes": [],
          "private": "eyJpbXBvcnRpbmciOiJNQT09In0="
        }
      ]
    },
    {
      "module": "module.config-po-int",
      "mode": "managed",
      "type": "nxos_port_channel_interface_vrf",
      "name": "po-vrf_map_agg02",
      "provider": "module.config-po-int.provider[\"registry.terraform.io/ciscodevnet/nxos\"].twe-agg02",
      "instances": [
        {
          "index_key": "po4",
          "schema_version": 0,
          "attributes": {
            "device": null,
            "id": "sys/intf/aggr-[po4]/rtvrfMbr",
            "interface_id": "po4",
            "vrf_dn": "sys/inst-vpc"
          },
          "sensitive_attributes": [],
          "private": "eyJpbXBvcnRpbmciOiJNQT09In0="
        }
      ]
    },
    {
      "module": "module.config-po-int",
      "mode": "managed",
      "type": "nxos_rest",
      "name": "Configure-eth1_6-po4-twe-agg01",
      "provider": "module.config-po-int.provider[\"registry.terraform.io/ciscodevnet/nxos\"].twe-agg01",
      "instances": [
        {
          "schema_version": 0,
          "attributes": {
            "children": null,
            "class_name": "l1PhysIf",
            "content": {
              "adminSt": "up",
              "descr": "link to TWE-AGG02 via Port-Channel4",
              "id": "eth1/6",
              "layer": "Layer3",
              "mtu": "9216",
              "status": "created,modified"
            },
            "delete": true,
            "device": null,
            "dn": "sys/intf/phys-[eth1/6]",
            "id": "sys/intf/phys-[eth1/6]"
          },
          "sensitive_attributes": []
        }
      ]
    },
    {
      "module": "module.config-po-int",
      "mode": "managed",
      "type": "nxos_rest",
      "name": "Configure-eth1_6-po4-twe-agg02",
      "provider": "module.config-po-int.provider[\"registry.terraform.io/ciscodevnet/nxos\"].twe-agg02",
      "instances": [
        {
          "schema_version": 0,
          "attributes": {
            "children": null,
            "class_name": "l1PhysIf",
            "content": {
              "adminSt": "up",
              "descr": "link to TWE-AGG01 via Port-Channel4",
              "id": "eth1/6",
              "layer": "Layer3",
              "mtu": "9216",
              "status": "created,modified"
            },
            "delete": true,
            "device": null,
            "dn": "sys/intf/phys-[eth1/6]",
            "id": "sys/intf/phys-[eth1/6]"
          },
          "sensitive_attributes": []
        }
      ]
    },
    {
      "module": "module.config-po-int",
      "mode": "managed",
      "type": "nxos_spanning_tree_interface",
      "name": "po1_STP_agg01",
      "provider": "module.config-po-int.provider[\"registry.terraform.io/ciscodevnet/nxos\"].twe-agg01",
      "instances": [
        {
          "schema_version": 0,
          "attributes": {
            "admin_state": "enabled",
            "bpdu_filter": "default",
            "bpdu_guard": "default",
            "cost": 0,
            "device": null,
            "guard": "default",
            "id": "sys/stp/inst/if-[po1]",
            "interface_id": "po1",
            "link_type": "auto",
            "mode": "network",
            "priority": 128
          },
          "sensitive_attributes": [],
          "private": "eyJpbXBvcnRpbmciOiJNQT09In0="
        }
      ]
    },
    {
      "module": "module.config-po-int",
      "mode": "managed",
      "type": "nxos_spanning_tree_interface",
      "name": "po1_STP_agg02",
      "provider": "module.config-po-int.provider[\"registry.terraform.io/ciscodevnet/nxos\"].twe-agg02",
      "instances": [
        {
          "schema_version": 0,
          "attributes": {
            "admin_state": "enabled",
            "bpdu_filter": "default",
            "bpdu_guard": "default",
            "cost": 0,
            "device": null,
            "guard": "default",
            "id": "sys/stp/inst/if-[po1]",
            "interface_id": "po1",
            "link_type": "auto",
            "mode": "network",
            "priority": 128
          },
          "sensitive_attributes": [],
          "private": "eyJpbXBvcnRpbmciOiJNQT09In0="
        }
      ]
    },
    {
      "module": "module.config-po-int",
      "mode": "managed",
      "type": "nxos_subinterface",
      "name": "po_sub_int_agg01",
      "provider": "module.config-po-int.provider[\"registry.terraform.io/ciscodevnet/nxos\"].twe-agg01",
      "instances": [
        {
          "index_key": "po1",
          "schema_version": 0,
          "attributes": {
            "admin_state": "up",
            "bandwidth": 0,
            "delay": 1,
            "description": "### XX-01 AGG to AGG iBGP ###",
            "device": null,
            "encap": "vlan-3010",
            "id": "sys/intf/encrtd-[po2.3010]",
            "interface_id": "po2.3010",
            "link_logging": "default",
            "medium": "broadcast",
            "mtu": 9216
          },
          "sensitive_attributes": [],
          "private": "eyJpbXBvcnRpbmciOiJNQT09In0="
        }
      ]
    },
    {
      "module": "module.config-po-int",
      "mode": "managed",
      "type": "nxos_subinterface",
      "name": "po_sub_int_agg02",
      "provider": "module.config-po-int.provider[\"registry.terraform.io/ciscodevnet/nxos\"].twe-agg02",
      "instances": [
        {
          "index_key": "po1",
          "schema_version": 0,
          "attributes": {
            "admin_state": "up",
            "bandwidth": 0,
            "delay": 1,
            "description": "### XX-01 AGG to AGG iBGP ###",
            "device": null,
            "encap": "vlan-3010",
            "id": "sys/intf/encrtd-[po2.3010]",
            "interface_id": "po2.3010",
            "link_logging": "default",
            "medium": "broadcast",
            "mtu": 9216
          },
          "sensitive_attributes": [],
          "private": "eyJpbXBvcnRpbmciOiJNQT09In0="
        }
      ]
    },
    {
      "module": "module.config-po-int",
      "mode": "managed",
      "type": "nxos_subinterface_vrf",
      "name": "po_sub_int_vrf_agg01",
      "provider": "module.config-po-int.provider[\"registry.terraform.io/ciscodevnet/nxos\"].twe-agg01",
      "instances": [
        {
          "index_key": "po2",
          "schema_version": 0,
          "attributes": {
            "device": null,
            "id": "sys/intf/encrtd-[po2.3010]/rtvrfMbr",
            "interface_id": "po2.3010",
            "vrf_dn": "sys/inst-xx01_es_core"
          },
          "sensitive_attributes": [],
          "private": "eyJpbXBvcnRpbmciOiJNQT09In0="
        }
      ]
    },
    {
      "module": "module.config-po-int",
      "mode": "managed",
      "type": "nxos_subinterface_vrf",
      "name": "po_sub_int_vrf_agg02",
      "provider": "module.config-po-int.provider[\"registry.terraform.io/ciscodevnet/nxos\"].twe-agg02",
      "instances": [
        {
          "index_key": "po2",
          "schema_version": 0,
          "attributes": {
            "device": null,
            "id": "sys/intf/encrtd-[po2.3010]/rtvrfMbr",
            "interface_id": "po2.3010",
            "vrf_dn": "sys/inst-xx01_es_core"
          },
          "sensitive_attributes": [],
          "private": "eyJpbXBvcnRpbmciOiJNQT09In0="
        }
      ]
    },
    {
      "module": "module.config-static-route",
      "mode": "managed",
      "type": "nxos_bgp",
      "name": "router_bgp-agg01",
      "provider": "module.config-static-route.provider[\"registry.terraform.io/ciscodevnet/nxos\"].twe-agg01",
      "instances": [
        {
          "schema_version": 0,
          "attributes": {
            "admin_state": "enabled",
            "device": null,
            "id": "sys/bgp"
          },
          "sensitive_attributes": [],
          "private": "eyJpbXBvcnRpbmciOiJNQT09In0="
        }
      ]
    },
    {
      "module": "module.config-static-route",
      "mode": "managed",
      "type": "nxos_bgp",
      "name": "router_bgp-agg02",
      "provider": "module.config-static-route.provider[\"registry.terraform.io/ciscodevnet/nxos\"].twe-agg02",
      "instances": [
        {
          "schema_version": 0,
          "attributes": {
            "admin_state": "enabled",
            "device": null,
            "id": "sys/bgp"
          },
          "sensitive_attributes": [],
          "private": "eyJpbXBvcnRpbmciOiJNQT09In0="
        }
      ]
    },
    {
      "module": "module.config-static-route",
      "mode": "managed",
      "type": "nxos_bgp_address_family",
      "name": "router-bgp-AF-agg01",
      "provider": "module.config-static-route.provider[\"registry.terraform.io/ciscodevnet/nxos\"].twe-agg01",
      "instances": [
        {
          "index_key": "agg01",
          "schema_version": 0,
          "attributes": {
            "address_family": "ipv4-ucast",
            "advertise_l2vpn_evpn": "disabled",
            "advertise_only_active_routes": "disabled",
            "advertise_physical_ip_for_type5_routes": "disabled",
            "asn": "65292",
            "critical_nexthop_timeout": "crit",
            "default_information_originate": "disabled",
            "device": null,
            "id": "sys/bgp/inst/dom-[xx01_es_core]/af-[ipv4-ucast]",
            "max_ecmp_paths": 1,
            "max_external_ecmp_paths": 1,
            "max_external_internal_ecmp_paths": 1,
            "max_local_ecmp_paths": 1,
            "max_mixed_ecmp_paths": 1,
            "next_hop_route_map_name": null,
            "non_critical_nexthop_timeout": "noncrit",
            "prefix_priority": "none",
            "retain_rt_all": "disabled",
            "table_map_route_map_name": null,
            "vni_ethernet_tag": "disabled",
            "vrf": "xx01_es_core",
            "wait_igp_converged": "disabled"
          },
          "sensitive_attributes": [],
          "private": "eyJpbXBvcnRpbmciOiJNQT09In0="
        },
        {
          "index_key": "agg02",
          "schema_version": 0,
          "attributes": {
            "address_family": "ipv4-ucast",
            "advertise_l2vpn_evpn": "disabled",
            "advertise_only_active_routes": "disabled",
            "advertise_physical_ip_for_type5_routes": "disabled",
            "asn": "65292",
            "critical_nexthop_timeout": "crit",
            "default_information_originate": "disabled",
            "device": null,
            "id": "sys/bgp/inst/dom-[xx01_es_core]/af-[ipv4-ucast]",
            "max_ecmp_paths": 1,
            "max_external_ecmp_paths": 1,
            "max_external_internal_ecmp_paths": 1,
            "max_local_ecmp_paths": 1,
            "max_mixed_ecmp_paths": 1,
            "next_hop_route_map_name": null,
            "non_critical_nexthop_timeout": "noncrit",
            "prefix_priority": "none",
            "retain_rt_all": "disabled",
            "table_map_route_map_name": null,
            "vni_ethernet_tag": "disabled",
            "vrf": "xx01_es_core",
            "wait_igp_converged": "disabled"
          },
          "sensitive_attributes": [],
          "private": "eyJpbXBvcnRpbmciOiJNQT09In0="
        }
      ]
    },
    {
      "module": "module.config-static-route",
      "mode": "managed",
      "type": "nxos_bgp_address_family",
      "name": "router-bgp-AF-agg02",
      "provider": "module.config-static-route.provider[\"registry.terraform.io/ciscodevnet/nxos\"].twe-agg02",
      "instances": [
        {
          "index_key": "agg01",
          "schema_version": 0,
          "attributes": {
            "address_family": "ipv4-ucast",
            "advertise_l2vpn_evpn": "disabled",
            "advertise_only_active_routes": "disabled",
            "advertise_physical_ip_for_type5_routes": "disabled",
            "asn": "65292",
            "critical_nexthop_timeout": "crit",
            "default_information_originate": "disabled",
            "device": null,
            "id": "sys/bgp/inst/dom-[xx01_es_core]/af-[ipv4-ucast]",
            "max_ecmp_paths": 1,
            "max_external_ecmp_paths": 1,
            "max_external_internal_ecmp_paths": 1,
            "max_local_ecmp_paths": 1,
            "max_mixed_ecmp_paths": 1,
            "next_hop_route_map_name": null,
            "non_critical_nexthop_timeout": "noncrit",
            "prefix_priority": "none",
            "retain_rt_all": "disabled",
            "table_map_route_map_name": null,
            "vni_ethernet_tag": "disabled",
            "vrf": "xx01_es_core",
            "wait_igp_converged": "disabled"
          },
          "sensitive_attributes": [],
          "private": "eyJpbXBvcnRpbmciOiJNQT09In0="
        },
        {
          "index_key": "agg02",
          "schema_version": 0,
          "attributes": {
            "address_family": "ipv4-ucast",
            "advertise_l2vpn_evpn": "disabled",
            "advertise_only_active_routes": "disabled",
            "advertise_physical_ip_for_type5_routes": "disabled",
            "asn": "65292",
            "critical_nexthop_timeout": "crit",
            "default_information_originate": "disabled",
            "device": null,
            "id": "sys/bgp/inst/dom-[xx01_es_core]/af-[ipv4-ucast]",
            "max_ecmp_paths": 1,
            "max_external_ecmp_paths": 1,
            "max_external_internal_ecmp_paths": 1,
            "max_local_ecmp_paths": 1,
            "max_mixed_ecmp_paths": 1,
            "next_hop_route_map_name": null,
            "non_critical_nexthop_timeout": "noncrit",
            "prefix_priority": "none",
            "retain_rt_all": "disabled",
            "table_map_route_map_name": null,
            "vni_ethernet_tag": "disabled",
            "vrf": "xx01_es_core",
            "wait_igp_converged": "disabled"
          },
          "sensitive_attributes": [],
          "private": "eyJpbXBvcnRpbmciOiJNQT09In0="
        }
      ]
    },
    {
      "module": "module.config-static-route",
      "mode": "managed",
      "type": "nxos_bgp_advertised_prefix",
      "name": "router-bgp-prefix-agg01",
      "provider": "module.config-static-route.provider[\"registry.terraform.io/ciscodevnet/nxos\"].twe-agg01",
      "instances": [
        {
          "index_key": "agg01",
          "schema_version": 0,
          "attributes": {
            "address_family": "ipv4-ucast",
            "asn": "65292",
            "device": null,
            "evpn": "disabled",
            "id": "sys/bgp/inst/dom-[xx01_es_core]/af-[ipv4-ucast]/prefix-[10.66.127.3/32]",
            "prefix": "10.66.127.3/32",
            "route_map": null,
            "vrf": "xx01_es_core"
          },
          "sensitive_attributes": [],
          "private": "eyJpbXBvcnRpbmciOiJNQT09In0="
        },
        {
          "index_key": "agg02",
          "schema_version": 0,
          "attributes": {
            "address_family": "ipv4-ucast",
            "asn": "65292",
            "device": null,
            "evpn": "disabled",
            "id": "sys/bgp/inst/dom-[xx01_es_core]/af-[ipv4-ucast]/prefix-[10.66.127.3/32]",
            "prefix": "10.66.127.3/32",
            "route_map": null,
            "vrf": "xx01_es_core"
          },
          "sensitive_attributes": [],
          "private": "eyJpbXBvcnRpbmciOiJNQT09In0="
        }
      ]
    },
    {
      "module": "module.config-static-route",
      "mode": "managed",
      "type": "nxos_bgp_advertised_prefix",
      "name": "router-bgp-prefix-agg02",
      "provider": "module.config-static-route.provider[\"registry.terraform.io/ciscodevnet/nxos\"].twe-agg02",
      "instances": [
        {
          "index_key": "agg01",
          "schema_version": 0,
          "attributes": {
            "address_family": "ipv4-ucast",
            "asn": "65292",
            "device": null,
            "evpn": "disabled",
            "id": "sys/bgp/inst/dom-[xx01_es_core]/af-[ipv4-ucast]/prefix-[10.66.127.4/32]",
            "prefix": "10.66.127.4/32",
            "route_map": null,
            "vrf": "xx01_es_core"
          },
          "sensitive_attributes": [],
          "private": "eyJpbXBvcnRpbmciOiJNQT09In0="
        },
        {
          "index_key": "agg02",
          "schema_version": 0,
          "attributes": {
            "address_family": "ipv4-ucast",
            "asn": "65292",
            "device": null,
            "evpn": "disabled",
            "id": "sys/bgp/inst/dom-[xx01_es_core]/af-[ipv4-ucast]/prefix-[10.66.127.4/32]",
            "prefix": "10.66.127.4/32",
            "route_map": null,
            "vrf": "xx01_es_core"
          },
          "sensitive_attributes": [],
          "private": "eyJpbXBvcnRpbmciOiJNQT09In0="
        }
      ]
    },
    {
      "module": "module.config-static-route",
      "mode": "managed",
      "type": "nxos_bgp_instance",
      "name": "router_bgp_instance-agg01",
      "provider": "module.config-static-route.provider[\"registry.terraform.io/ciscodevnet/nxos\"].twe-agg01",
      "instances": [
        {
          "index_key": "agg01",
          "schema_version": 0,
          "attributes": {
            "admin_state": "enabled",
            "asn": "65292",
            "device": null,
            "enhanced_error_handling": true,
            "id": "sys/bgp/inst"
          },
          "sensitive_attributes": [],
          "private": "eyJpbXBvcnRpbmciOiJNQT09In0="
        },
        {
          "index_key": "agg02",
          "schema_version": 0,
          "attributes": {
            "admin_state": "enabled",
            "asn": "65292",
            "device": null,
            "enhanced_error_handling": true,
            "id": "sys/bgp/inst"
          },
          "sensitive_attributes": [],
          "private": "eyJpbXBvcnRpbmciOiJNQT09In0="
        }
      ]
    },
    {
      "module": "module.config-static-route",
      "mode": "managed",
      "type": "nxos_bgp_instance",
      "name": "router_bgp_instance-agg02",
      "provider": "module.config-static-route.provider[\"registry.terraform.io/ciscodevnet/nxos\"].twe-agg02",
      "instances": [
        {
          "index_key": "agg01",
          "schema_version": 0,
          "attributes": {
            "admin_state": "enabled",
            "asn": "65292",
            "device": null,
            "enhanced_error_handling": true,
            "id": "sys/bgp/inst"
          },
          "sensitive_attributes": [],
          "private": "eyJpbXBvcnRpbmciOiJNQT09In0="
        },
        {
          "index_key": "agg02",
          "schema_version": 0,
          "attributes": {
            "admin_state": "enabled",
            "asn": "65292",
            "device": null,
            "enhanced_error_handling": true,
            "id": "sys/bgp/inst"
          },
          "sensitive_attributes": [],
          "private": "eyJpbXBvcnRpbmciOiJNQT09In0="
        }
      ]
    },
    {
      "module": "module.config-static-route",
      "mode": "managed",
      "type": "nxos_bgp_peer",
      "name": "bgp-peer-AGG01-agg02",
      "provider": "module.config-static-route.provider[\"registry.terraform.io/ciscodevnet/nxos\"].twe-agg02",
      "instances": [
        {
          "index_key": "agg01",
          "schema_version": 0,
          "attributes": {
            "address": "10.66.127.3",
            "asn": "65292",
            "description": "TF-BGP-TO-AGG02",
            "device": null,
            "ebgp_multihop_ttl": null,
            "hold_time": 180,
            "id": "sys/bgp/inst/dom-[xx01_es_core]/peer-[10.66.127.3]",
            "keepalive": 60,
            "password": null,
            "password_type": null,
            "peer_control": null,
            "peer_template": "ibgp-baseline",
            "peer_type": "fabric-internal",
            "remote_asn": null,
            "source_interface": "lo101",
            "vrf": "xx01_es_core"
          },
          "sensitive_attributes": [],
          "private": "eyJpbXBvcnRpbmciOiJNQT09In0="
        },
        {
          "index_key": "agg02",
          "schema_version": 0,
          "attributes": {
            "address": "10.66.127.3",
            "asn": "65292",
            "description": "TF-BGP-TO-AGG02",
            "device": null,
            "ebgp_multihop_ttl": null,
            "hold_time": 180,
            "id": "sys/bgp/inst/dom-[xx01_es_core]/peer-[10.66.127.3]",
            "keepalive": 60,
            "password": null,
            "password_type": null,
            "peer_control": null,
            "peer_template": "ibgp-baseline",
            "peer_type": "fabric-internal",
            "remote_asn": null,
            "source_interface": "lo101",
            "vrf": "xx01_es_core"
          },
          "sensitive_attributes": [],
          "private": "eyJpbXBvcnRpbmciOiJNQT09In0="
        }
      ]
    },
    {
      "module": "module.config-static-route",
      "mode": "managed",
      "type": "nxos_bgp_peer",
      "name": "bgp-peer-AGG02-agg01",
      "provider": "module.config-static-route.provider[\"registry.terraform.io/ciscodevnet/nxos\"].twe-agg01",
      "instances": [
        {
          "index_key": "agg01",
          "schema_version": 0,
          "attributes": {
            "address": "10.66.127.4",
            "asn": "65292",
            "description": "TF-BGP-TO-AGG02",
            "device": null,
            "ebgp_multihop_ttl": null,
            "hold_time": 180,
            "id": "sys/bgp/inst/dom-[xx01_es_core]/peer-[10.66.127.4]",
            "keepalive": 60,
            "password": null,
            "password_type": null,
            "peer_control": null,
            "peer_template": "ibgp-baseline",
            "peer_type": "fabric-internal",
            "remote_asn": null,
            "source_interface": "lo101",
            "vrf": "xx01_es_core"
          },
          "sensitive_attributes": [],
          "private": "eyJpbXBvcnRpbmciOiJNQT09In0="
        },
        {
          "index_key": "agg02",
          "schema_version": 0,
          "attributes": {
            "address": "10.66.127.4",
            "asn": "65292",
            "description": "TF-BGP-TO-AGG02",
            "device": null,
            "ebgp_multihop_ttl": null,
            "hold_time": 180,
            "id": "sys/bgp/inst/dom-[xx01_es_core]/peer-[10.66.127.4]",
            "keepalive": 60,
            "password": null,
            "password_type": null,
            "peer_control": null,
            "peer_template": "ibgp-baseline",
            "peer_type": "fabric-internal",
            "remote_asn": null,
            "source_interface": "lo101",
            "vrf": "xx01_es_core"
          },
          "sensitive_attributes": [],
          "private": "eyJpbXBvcnRpbmciOiJNQT09In0="
        }
      ]
    },
    {
      "module": "module.config-static-route",
      "mode": "managed",
      "type": "nxos_bgp_peer_template",
      "name": "pt-ibgp-baseline-agg01",
      "provider": "module.config-static-route.provider[\"registry.terraform.io/ciscodevnet/nxos\"].twe-agg01",
      "instances": [
        {
          "index_key": "agg01",
          "schema_version": 0,
          "attributes": {
            "asn": "65292",
            "description": null,
            "device": null,
            "id": "sys/bgp/inst/dom-[default]/peercont-[ibgp-baseline]",
            "peer_type": "fabric-internal",
            "remote_asn": "65292",
            "source_interface": "unspecified",
            "template_name": "ibgp-baseline"
          },
          "sensitive_attributes": [],
          "private": "eyJpbXBvcnRpbmciOiJNQT09In0="
        },
        {
          "index_key": "agg02",
          "schema_version": 0,
          "attributes": {
            "asn": "65292",
            "description": null,
            "device": null,
            "id": "sys/bgp/inst/dom-[default]/peercont-[ibgp-baseline]",
            "peer_type": "fabric-internal",
            "remote_asn": "65292",
            "source_interface": "unspecified",
            "template_name": "ibgp-baseline"
          },
          "sensitive_attributes": [],
          "private": "eyJpbXBvcnRpbmciOiJNQT09In0="
        }
      ]
    },
    {
      "module": "module.config-static-route",
      "mode": "managed",
      "type": "nxos_bgp_peer_template",
      "name": "pt-ibgp-baseline-agg02",
      "provider": "module.config-static-route.provider[\"registry.terraform.io/ciscodevnet/nxos\"].twe-agg02",
      "instances": [
        {
          "index_key": "agg01",
          "schema_version": 0,
          "attributes": {
            "asn": "65292",
            "description": null,
            "device": null,
            "id": "sys/bgp/inst/dom-[default]/peercont-[ibgp-baseline]",
            "peer_type": "fabric-internal",
            "remote_asn": "65292",
            "source_interface": "unspecified",
            "template_name": "ibgp-baseline"
          },
          "sensitive_attributes": [],
          "private": "eyJpbXBvcnRpbmciOiJNQT09In0="
        },
        {
          "index_key": "agg02",
          "schema_version": 0,
          "attributes": {
            "asn": "65292",
            "description": null,
            "device": null,
            "id": "sys/bgp/inst/dom-[default]/peercont-[ibgp-baseline]",
            "peer_type": "fabric-internal",
            "remote_asn": "65292",
            "source_interface": "unspecified",
            "template_name": "ibgp-baseline"
          },
          "sensitive_attributes": [],
          "private": "eyJpbXBvcnRpbmciOiJNQT09In0="
        }
      ]
    },
    {
      "module": "module.config-static-route",
      "mode": "managed",
      "type": "nxos_bgp_peer_template_address_family",
      "name": "pt-ibgp-baseline-AF-agg01",
      "provider": "module.config-static-route.provider[\"registry.terraform.io/ciscodevnet/nxos\"].twe-agg01",
      "instances": [
        {
          "index_key": "agg01",
          "schema_version": 0,
          "attributes": {
            "address_family": "ipv4-ucast",
            "asn": "65292",
            "control": null,
            "device": null,
            "id": "sys/bgp/inst/dom-[default]/peercont-[ibgp-baseline]/af-[ipv4-ucast]",
            "send_community_extended": "enabled",
            "send_community_standard": "enabled",
            "template_name": "ibgp-baseline"
          },
          "sensitive_attributes": [],
          "private": "eyJpbXBvcnRpbmciOiJNQT09In0="
        },
        {
          "index_key": "agg02",
          "schema_version": 0,
          "attributes": {
            "address_family": "ipv4-ucast",
            "asn": "65292",
            "control": null,
            "device": null,
            "id": "sys/bgp/inst/dom-[default]/peercont-[ibgp-baseline]/af-[ipv4-ucast]",
            "send_community_extended": "enabled",
            "send_community_standard": "enabled",
            "template_name": "ibgp-baseline"
          },
          "sensitive_attributes": [],
          "private": "eyJpbXBvcnRpbmciOiJNQT09In0="
        }
      ]
    },
    {
      "module": "module.config-static-route",
      "mode": "managed",
      "type": "nxos_bgp_peer_template_address_family",
      "name": "pt-ibgp-baseline-AF-agg02",
      "provider": "module.config-static-route.provider[\"registry.terraform.io/ciscodevnet/nxos\"].twe-agg02",
      "instances": [
        {
          "index_key": "agg01",
          "schema_version": 0,
          "attributes": {
            "address_family": "ipv4-ucast",
            "asn": "65292",
            "control": null,
            "device": null,
            "id": "sys/bgp/inst/dom-[default]/peercont-[ibgp-baseline]/af-[ipv4-ucast]",
            "send_community_extended": "enabled",
            "send_community_standard": "enabled",
            "template_name": "ibgp-baseline"
          },
          "sensitive_attributes": [],
          "private": "eyJpbXBvcnRpbmciOiJNQT09In0="
        },
        {
          "index_key": "agg02",
          "schema_version": 0,
          "attributes": {
            "address_family": "ipv4-ucast",
            "asn": "65292",
            "control": null,
            "device": null,
            "id": "sys/bgp/inst/dom-[default]/peercont-[ibgp-baseline]/af-[ipv4-ucast]",
            "send_community_extended": "enabled",
            "send_community_standard": "enabled",
            "template_name": "ibgp-baseline"
          },
          "sensitive_attributes": [],
          "private": "eyJpbXBvcnRpbmciOiJNQT09In0="
        }
      ]
    },
    {
      "module": "module.config-static-route",
      "mode": "managed",
      "type": "nxos_bgp_vrf",
      "name": "router-bgp-vrf-agg01",
      "provider": "module.config-static-route.provider[\"registry.terraform.io/ciscodevnet/nxos\"].twe-agg01",
      "instances": [
        {
          "index_key": "agg01",
          "schema_version": 0,
          "attributes": {
            "asn": "65292",
            "device": null,
            "id": "sys/bgp/inst/dom-[xx01_es_core]",
            "name": "xx01_es_core",
            "router_id": "10.66.127.3"
          },
          "sensitive_attributes": [],
          "private": "eyJpbXBvcnRpbmciOiJNQT09In0="
        },
        {
          "index_key": "agg02",
          "schema_version": 0,
          "attributes": {
            "asn": "65292",
            "device": null,
            "id": "sys/bgp/inst/dom-[xx01_es_core]",
            "name": "xx01_es_core",
            "router_id": "10.66.127.3"
          },
          "sensitive_attributes": [],
          "private": "eyJpbXBvcnRpbmciOiJNQT09In0="
        }
      ]
    },
    {
      "module": "module.config-static-route",
      "mode": "managed",
      "type": "nxos_bgp_vrf",
      "name": "router-bgp-vrf-agg02",
      "provider": "module.config-static-route.provider[\"registry.terraform.io/ciscodevnet/nxos\"].twe-agg02",
      "instances": [
        {
          "index_key": "agg01",
          "schema_version": 0,
          "attributes": {
            "asn": "65292",
            "device": null,
            "id": "sys/bgp/inst/dom-[xx01_es_core]",
            "name": "xx01_es_core",
            "router_id": "10.66.127.4"
          },
          "sensitive_attributes": [],
          "private": "eyJpbXBvcnRpbmciOiJNQT09In0="
        },
        {
          "index_key": "agg02",
          "schema_version": 0,
          "attributes": {
            "asn": "65292",
            "device": null,
            "id": "sys/bgp/inst/dom-[xx01_es_core]",
            "name": "xx01_es_core",
            "router_id": "10.66.127.4"
          },
          "sensitive_attributes": [],
          "private": "eyJpbXBvcnRpbmciOiJNQT09In0="
        }
      ]
    },
    {
      "module": "module.config-static-route",
      "mode": "managed",
      "type": "nxos_ipv4_static_route",
      "name": "SR-for-bgp-agg01",
      "provider": "module.config-static-route.provider[\"registry.terraform.io/ciscodevnet/nxos\"].twe-agg01",
      "instances": [
        {
          "index_key": "po2_3010",
          "schema_version": 0,
          "attributes": {
            "device": null,
            "id": "sys/ipv4/inst/dom-[xx01_es_core]/rt-[10.66.127.4/32]",
            "next_hops": [
              {
                "address": "10.66.125.11",
                "description": null,
                "interface_id": "po2.3010",
                "object": null,
                "preference": null,
                "tag": null,
                "vrf_name": "xx01_es_core"
              }
            ],
            "prefix": "10.66.127.4/32",
            "vrf_name": "xx01_es_core"
          },
          "sensitive_attributes": [],
          "private": "eyJpbXBvcnRpbmciOiJNQT09In0="
        }
      ]
    },
    {
      "module": "module.config-static-route",
      "mode": "managed",
      "type": "nxos_ipv4_static_route",
      "name": "SR-for-bgp-agg02",
      "provider": "module.config-static-route.provider[\"registry.terraform.io/ciscodevnet/nxos\"].twe-agg02",
      "instances": [
        {
          "index_key": "po2_3010",
          "schema_version": 0,
          "attributes": {
            "device": null,
            "id": "sys/ipv4/inst/dom-[xx01_es_core]/rt-[10.66.127.4/32]",
            "next_hops": [
              {
                "address": "10.66.125.10",
                "description": null,
                "interface_id": "po2.3010",
                "object": null,
                "preference": null,
                "tag": null,
                "vrf_name": "xx01_es_core"
              }
            ],
            "prefix": "10.66.127.4/32",
            "vrf_name": "xx01_es_core"
          },
          "sensitive_attributes": [],
          "private": "eyJpbXBvcnRpbmciOiJNQT09In0="
        }
      ]
    },
    {
      "module": "module.config-static-route",
      "mode": "managed",
      "type": "nxos_rest",
      "name": "test-bgp-pt-peeraf-agg01",
      "provider": "module.config-static-route.provider[\"registry.terraform.io/ciscodevnet/nxos\"].twe-agg01",
      "instances": [
        {
          "schema_version": 0,
          "attributes": {
            "children": null,
            "class_name": "bgpPeerAf",
            "content": {
              "ctrl": "nh-self,rr-client",
              "softReconfigBackup": "inbound"
            },
            "delete": true,
            "device": null,
            "dn": "sys/bgp/inst/dom-[default]/peercont-[ibgp-baseline]/af-[ipv4-ucast]",
            "id": "sys/bgp/inst/dom-[default]/peercont-[ibgp-baseline]/af-[ipv4-ucast]"
          },
          "sensitive_attributes": []
        }
      ]
    },
    {
      "module": "module.config-static-route",
      "mode": "managed",
      "type": "nxos_rest",
      "name": "test-bgp-pt-peeraf-agg02",
      "provider": "module.config-static-route.provider[\"registry.terraform.io/ciscodevnet/nxos\"].twe-agg02",
      "instances": [
        {
          "schema_version": 0,
          "attributes": {
            "children": null,
            "class_name": "bgpPeerAf",
            "content": {
              "ctrl": "nh-self,rr-client",
              "softReconfigBackup": "inbound"
            },
            "delete": true,
            "device": null,
            "dn": "sys/bgp/inst/dom-[default]/peercont-[ibgp-baseline]/af-[ipv4-ucast]",
            "id": "sys/bgp/inst/dom-[default]/peercont-[ibgp-baseline]/af-[ipv4-ucast]"
          },
          "sensitive_attributes": []
        }
      ]
    },
    {
      "module": "module.config-static-route",
      "mode": "managed",
      "type": "nxos_rest",
      "name": "test-bgp-pt-peercont-agg01",
      "provider": "module.config-static-route.provider[\"registry.terraform.io/ciscodevnet/nxos\"].twe-agg01",
      "instances": [
        {
          "schema_version": 0,
          "attributes": {
            "children": null,
            "class_name": "bgpPeerCont",
            "content": {
              "holdIntvl": "30",
              "kaIntvl": "10"
            },
            "delete": true,
            "device": null,
            "dn": "sys/bgp/inst/dom-[default]/peercont-[ibgp-baseline]",
            "id": "sys/bgp/inst/dom-[default]/peercont-[ibgp-baseline]"
          },
          "sensitive_attributes": []
        }
      ]
    },
    {
      "module": "module.config-static-route",
      "mode": "managed",
      "type": "nxos_rest",
      "name": "test-bgp-pt-peercont-agg02",
      "provider": "module.config-static-route.provider[\"registry.terraform.io/ciscodevnet/nxos\"].twe-agg02",
      "instances": [
        {
          "schema_version": 0,
          "attributes": {
            "children": null,
            "class_name": "bgpPeerCont",
            "content": {
              "holdIntvl": "30",
              "kaIntvl": "10"
            },
            "delete": true,
            "device": null,
            "dn": "sys/bgp/inst/dom-[default]/peercont-[ibgp-baseline]",
            "id": "sys/bgp/inst/dom-[default]/peercont-[ibgp-baseline]"
          },
          "sensitive_attributes": []
        }
      ]
    },
    {
      "module": "module.config-twe-agg01",
      "mode": "managed",
      "type": "nxos_save_config",
      "name": "save-config-agg01",
      "provider": "module.config-twe-agg01.provider[\"registry.terraform.io/ciscodevnet/nxos\"]",
      "instances": [
        {
          "schema_version": 0,
          "attributes": {
            "device": null,
            "save": true
          },
          "sensitive_attributes": []
        }
      ]
    },
    {
      "module": "module.config-twe-agg01",
      "mode": "managed",
      "type": "nxos_system",
      "name": "hostname-AGG01",
      "provider": "module.config-twe-agg01.provider[\"registry.terraform.io/ciscodevnet/nxos\"]",
      "instances": [
        {
          "schema_version": 0,
          "attributes": {
            "device": null,
            "id": "sys",
            "name": "Dev-Test-AGG01"
          },
          "sensitive_attributes": [],
          "private": "eyJpbXBvcnRpbmciOiJNQT09In0="
        }
      ]
    },
    {
      "module": "module.config-twe-agg02",
      "mode": "managed",
      "type": "nxos_save_config",
      "name": "save-config-agg02",
      "provider": "module.config-twe-agg02.provider[\"registry.terraform.io/ciscodevnet/nxos\"]",
      "instances": [
        {
          "schema_version": 0,
          "attributes": {
            "device": null,
            "save": true
          },
          "sensitive_attributes": []
        }
      ]
    },
    {
      "module": "module.config-twe-agg02",
      "mode": "managed",
      "type": "nxos_system",
      "name": "hostname-AGG02",
      "provider": "module.config-twe-agg02.provider[\"registry.terraform.io/ciscodevnet/nxos\"]",
      "instances": [
        {
          "schema_version": 0,
          "attributes": {
            "device": null,
            "id": "sys",
            "name": "Dev-Test-AGG02"
          },
          "sensitive_attributes": [],
          "private": "eyJpbXBvcnRpbmciOiJNQT09In0="
        }
      ]
    },
    {
      "module": "module.config-twe-features",
      "mode": "managed",
      "type": "nxos_feature_bfd",
      "name": "feature_bfd-twe-agg01",
      "provider": "module.config-twe-features.provider[\"registry.terraform.io/ciscodevnet/nxos\"].twe-agg01",
      "instances": [
        {
          "schema_version": 0,
          "attributes": {
            "admin_state": "enabled",
            "device": null,
            "id": "sys/fm/bfd"
          },
          "sensitive_attributes": [],
          "private": "eyJpbXBvcnRpbmciOiJNQT09In0="
        }
      ]
    },
    {
      "module": "module.config-twe-features",
      "mode": "managed",
      "type": "nxos_feature_bfd",
      "name": "feature_bfd-twe-agg02",
      "provider": "module.config-twe-features.provider[\"registry.terraform.io/ciscodevnet/nxos\"].twe-agg02",
      "instances": [
        {
          "schema_version": 0,
          "attributes": {
            "admin_state": "enabled",
            "device": null,
            "id": "sys/fm/bfd"
          },
          "sensitive_attributes": [],
          "private": "eyJpbXBvcnRpbmciOiJNQT09In0="
        }
      ]
    },
    {
      "module": "module.config-twe-features",
      "mode": "managed",
      "type": "nxos_feature_bgp",
      "name": "feature_bgp-twe-agg01",
      "provider": "module.config-twe-features.provider[\"registry.terraform.io/ciscodevnet/nxos\"].twe-agg01",
      "instances": [
        {
          "schema_version": 0,
          "attributes": {
            "admin_state": "enabled",
            "device": null,
            "id": "sys/fm/bgp"
          },
          "sensitive_attributes": [],
          "private": "eyJpbXBvcnRpbmciOiJNQT09In0="
        }
      ]
    },
    {
      "module": "module.config-twe-features",
      "mode": "managed",
      "type": "nxos_feature_bgp",
      "name": "feature_bgp-twe-agg02",
      "provider": "module.config-twe-features.provider[\"registry.terraform.io/ciscodevnet/nxos\"].twe-agg02",
      "instances": [
        {
          "schema_version": 0,
          "attributes": {
            "admin_state": "enabled",
            "device": null,
            "id": "sys/fm/bgp"
          },
          "sensitive_attributes": [],
          "private": "eyJpbXBvcnRpbmciOiJNQT09In0="
        }
      ]
    },
    {
      "module": "module.config-twe-features",
      "mode": "managed",
      "type": "nxos_feature_interface_vlan",
      "name": "feature_svi-twe-agg01",
      "provider": "module.config-twe-features.provider[\"registry.terraform.io/ciscodevnet/nxos\"].twe-agg01",
      "instances": [
        {
          "schema_version": 0,
          "attributes": {
            "admin_state": "enabled",
            "device": null,
            "id": "sys/fm/ifvlan"
          },
          "sensitive_attributes": [],
          "private": "eyJpbXBvcnRpbmciOiJNQT09In0="
        }
      ]
    },
    {
      "module": "module.config-twe-features",
      "mode": "managed",
      "type": "nxos_feature_interface_vlan",
      "name": "feature_svi-twe-agg02",
      "provider": "module.config-twe-features.provider[\"registry.terraform.io/ciscodevnet/nxos\"].twe-agg02",
      "instances": [
        {
          "schema_version": 0,
          "attributes": {
            "admin_state": "enabled",
            "device": null,
            "id": "sys/fm/ifvlan"
          },
          "sensitive_attributes": [],
          "private": "eyJpbXBvcnRpbmciOiJNQT09In0="
        }
      ]
    },
    {
      "module": "module.config-twe-features",
      "mode": "managed",
      "type": "nxos_feature_lacp",
      "name": "feature_lacp-twe-agg01",
      "provider": "module.config-twe-features.provider[\"registry.terraform.io/ciscodevnet/nxos\"].twe-agg01",
      "instances": [
        {
          "schema_version": 0,
          "attributes": {
            "admin_state": "enabled",
            "device": null,
            "id": "sys/fm/lacp"
          },
          "sensitive_attributes": [],
          "private": "eyJpbXBvcnRpbmciOiJNQT09In0="
        }
      ]
    },
    {
      "module": "module.config-twe-features",
      "mode": "managed",
      "type": "nxos_feature_lacp",
      "name": "feature_lacp-twe-agg02",
      "provider": "module.config-twe-features.provider[\"registry.terraform.io/ciscodevnet/nxos\"].twe-agg02",
      "instances": [
        {
          "schema_version": 0,
          "attributes": {
            "admin_state": "enabled",
            "device": null,
            "id": "sys/fm/lacp"
          },
          "sensitive_attributes": [],
          "private": "eyJpbXBvcnRpbmciOiJNQT09In0="
        }
      ]
    },
    {
      "module": "module.config-twe-features",
      "mode": "managed",
      "type": "nxos_feature_vpc",
      "name": "feature_vpc-twe-agg01",
      "provider": "module.config-twe-features.provider[\"registry.terraform.io/ciscodevnet/nxos\"].twe-agg01",
      "instances": [
        {
          "schema_version": 0,
          "attributes": {
            "admin_state": "enabled",
            "device": null,
            "id": "sys/fm/vpc"
          },
          "sensitive_attributes": [],
          "private": "eyJpbXBvcnRpbmciOiJNQT09In0="
        }
      ]
    },
    {
      "module": "module.config-twe-features",
      "mode": "managed",
      "type": "nxos_feature_vpc",
      "name": "feature_vpc-twe-agg02",
      "provider": "module.config-twe-features.provider[\"registry.terraform.io/ciscodevnet/nxos\"].twe-agg02",
      "instances": [
        {
          "schema_version": 0,
          "attributes": {
            "admin_state": "enabled",
            "device": null,
            "id": "sys/fm/vpc"
          },
          "sensitive_attributes": [],
          "private": "eyJpbXBvcnRpbmciOiJNQT09In0="
        }
      ]
    },
    {
      "module": "module.config-twe-vrf",
      "mode": "managed",
      "type": "nxos_vrf",
      "name": "vrf-twe-agg01",
      "provider": "module.config-twe-vrf.provider[\"registry.terraform.io/ciscodevnet/nxos\"].twe-agg01",
      "instances": [
        {
          "index_key": "vpc",
          "schema_version": 0,
          "attributes": {
            "description": null,
            "device": null,
            "encap": "unknown",
            "id": "sys/inst-[vpc]",
            "name": "vpc"
          },
          "sensitive_attributes": [],
          "private": "eyJpbXBvcnRpbmciOiJNQT09In0="
        },
        {
          "index_key": "xx01_es_core",
          "schema_version": 0,
          "attributes": {
            "description": null,
            "device": null,
            "encap": "unknown",
            "id": "sys/inst-[xx01_es_core]",
            "name": "xx01_es_core"
          },
          "sensitive_attributes": [],
          "private": "eyJpbXBvcnRpbmciOiJNQT09In0="
        }
      ]
    },
    {
      "module": "module.config-twe-vrf",
      "mode": "managed",
      "type": "nxos_vrf",
      "name": "vrf-twe-agg02",
      "provider": "module.config-twe-vrf.provider[\"registry.terraform.io/ciscodevnet/nxos\"].twe-agg02",
      "instances": [
        {
          "index_key": "vpc",
          "schema_version": 0,
          "attributes": {
            "description": null,
            "device": null,
            "encap": "unknown",
            "id": "sys/inst-[vpc]",
            "name": "vpc"
          },
          "sensitive_attributes": [],
          "private": "eyJpbXBvcnRpbmciOiJNQT09In0="
        },
        {
          "index_key": "xx01_es_core",
          "schema_version": 0,
          "attributes": {
            "description": null,
            "device": null,
            "encap": "unknown",
            "id": "sys/inst-[xx01_es_core]",
            "name": "xx01_es_core"
          },
          "sensitive_attributes": [],
          "private": "eyJpbXBvcnRpbmciOiJNQT09In0="
        }
      ]
    },
    {
      "module": "module.config-vpc",
      "mode": "managed",
      "type": "nxos_rest",
      "name": "Configure-vpc-dom-arp-agg01",
      "provider": "module.config-vpc.provider[\"registry.terraform.io/ciscodevnet/nxos\"].twe-agg01",
      "instances": [
        {
          "schema_version": 0,
          "attributes": {
            "children": null,
            "class_name": "arpVpcDom",
            "content": {
              "arpSync": "enabled",
              "domainId": "101",
              "status": "created,modified"
            },
            "delete": true,
            "device": null,
            "dn": "sys/arp/inst/vpc/dom-[101]",
            "id": "sys/arp/inst/vpc/dom-[101]"
          },
          "sensitive_attributes": []
        }
      ]
    },
    {
      "module": "module.config-vpc",
      "mode": "managed",
      "type": "nxos_rest",
      "name": "Configure-vpc-dom-arp-agg02",
      "provider": "module.config-vpc.provider[\"registry.terraform.io/ciscodevnet/nxos\"].twe-agg02",
      "instances": [
        {
          "schema_version": 0,
          "attributes": {
            "children": null,
            "class_name": "arpVpcDom",
            "content": {
              "arpSync": "enabled",
              "domainId": "101",
              "status": "created,modified"
            },
            "delete": true,
            "device": null,
            "dn": "sys/arp/inst/vpc/dom-[101]",
            "id": "sys/arp/inst/vpc/dom-[101]"
          },
          "sensitive_attributes": []
        }
      ]
    },
    {
      "module": "module.config-vpc",
      "mode": "managed",
      "type": "nxos_rest",
      "name": "Configure-vpc-dom-arp-inst-agg01",
      "provider": "module.config-vpc.provider[\"registry.terraform.io/ciscodevnet/nxos\"].twe-agg01",
      "instances": [
        {
          "schema_version": 0,
          "attributes": {
            "children": null,
            "class_name": "arpVpc",
            "content": {},
            "delete": true,
            "device": null,
            "dn": "sys/arp/inst/vpc",
            "id": "sys/arp/inst/vpc"
          },
          "sensitive_attributes": []
        }
      ]
    },
    {
      "module": "module.config-vpc",
      "mode": "managed",
      "type": "nxos_rest",
      "name": "Configure-vpc-dom-arp-inst-agg02",
      "provider": "module.config-vpc.provider[\"registry.terraform.io/ciscodevnet/nxos\"].twe-agg02",
      "instances": [
        {
          "schema_version": 0,
          "attributes": {
            "children": null,
            "class_name": "arpVpc",
            "content": {},
            "delete": true,
            "device": null,
            "dn": "sys/arp/inst/vpc",
            "id": "sys/arp/inst/vpc"
          },
          "sensitive_attributes": []
        }
      ]
    },
    {
      "module": "module.config-vpc",
      "mode": "managed",
      "type": "nxos_vpc_domain",
      "name": "vcp-dom-agg01",
      "provider": "module.config-vpc.provider[\"registry.terraform.io/ciscodevnet/nxos\"].twe-agg01",
      "instances": [
        {
          "schema_version": 0,
          "attributes": {
            "admin_state": "enabled",
            "auto_recovery": "enabled",
            "auto_recovery_interval": 60,
            "delay_restore_orphan_port": 0,
            "delay_restore_svi": 10,
            "delay_restore_vpc": 30,
            "device": null,
            "domain_id": 101,
            "dscp": 0,
            "fast_convergence": "disabled",
            "graceful_consistency_check": "enabled",
            "id": "sys/vpc/inst/dom",
            "l3_peer_router": "enabled",
            "l3_peer_router_syslog": "disabled",
            "l3_peer_router_syslog_interval": 3600,
            "peer_gateway": "enabled",
            "peer_ip": null,
            "peer_switch": "enabled",
            "role_priority": 10,
            "sys_mac": null,
            "system_priority": 32667,
            "track": 0,
            "virtual_ip": null
          },
          "sensitive_attributes": [],
          "private": "eyJpbXBvcnRpbmciOiJNQT09In0="
        }
      ]
    },
    {
      "module": "module.config-vpc",
      "mode": "managed",
      "type": "nxos_vpc_domain",
      "name": "vcp-dom-agg02",
      "provider": "module.config-vpc.provider[\"registry.terraform.io/ciscodevnet/nxos\"].twe-agg02",
      "instances": [
        {
          "schema_version": 0,
          "attributes": {
            "admin_state": "enabled",
            "auto_recovery": "enabled",
            "auto_recovery_interval": 60,
            "delay_restore_orphan_port": 0,
            "delay_restore_svi": 10,
            "delay_restore_vpc": 30,
            "device": null,
            "domain_id": 101,
            "dscp": 0,
            "fast_convergence": "disabled",
            "graceful_consistency_check": "enabled",
            "id": "sys/vpc/inst/dom",
            "l3_peer_router": "enabled",
            "l3_peer_router_syslog": "disabled",
            "l3_peer_router_syslog_interval": 3600,
            "peer_gateway": "enabled",
            "peer_ip": null,
            "peer_switch": "enabled",
            "role_priority": 10,
            "sys_mac": null,
            "system_priority": 32667,
            "track": 0,
            "virtual_ip": null
          },
          "sensitive_attributes": [],
          "private": "eyJpbXBvcnRpbmciOiJNQT09In0="
        }
      ]
    },
    {
      "module": "module.config-vpc",
      "mode": "managed",
      "type": "nxos_vpc_instance",
      "name": "vpc-agg01",
      "provider": "module.config-vpc.provider[\"registry.terraform.io/ciscodevnet/nxos\"].twe-agg01",
      "instances": [
        {
          "schema_version": 0,
          "attributes": {
            "admin_state": "enabled",
            "device": null,
            "id": "sys/vpc/inst"
          },
          "sensitive_attributes": [],
          "private": "eyJpbXBvcnRpbmciOiJNQT09In0="
        }
      ]
    },
    {
      "module": "module.config-vpc",
      "mode": "managed",
      "type": "nxos_vpc_instance",
      "name": "vpc-agg02",
      "provider": "module.config-vpc.provider[\"registry.terraform.io/ciscodevnet/nxos\"].twe-agg02",
      "instances": [
        {
          "schema_version": 0,
          "attributes": {
            "admin_state": "enabled",
            "device": null,
            "id": "sys/vpc/inst"
          },
          "sensitive_attributes": [],
          "private": "eyJpbXBvcnRpbmciOiJNQT09In0="
        }
      ]
    },
    {
      "module": "module.config-vpc",
      "mode": "managed",
      "type": "nxos_vpc_keepalive",
      "name": "vpc-keepalive-agg0",
      "provider": "module.config-vpc.provider[\"registry.terraform.io/ciscodevnet/nxos\"].twe-agg01",
      "instances": [
        {
          "schema_version": 0,
          "attributes": {
            "destination_ip": "1.1.1.2",
            "device": null,
            "flush_timeout": 3,
            "id": "sys/vpc/inst/dom/keepalive",
            "interval": 1000,
            "precedence_type": 0,
            "precedence_value": 6,
            "source_ip": "1.1.1.1",
            "timeout": 5,
            "type_of_service_byte": 0,
            "type_of_service_configuration_type": 0,
            "type_of_service_type": 4,
            "type_of_service_value": 0,
            "udp_port": null,
            "vrf": "vpc"
          },
          "sensitive_attributes": [],
          "private": "eyJpbXBvcnRpbmciOiJNQT09In0="
        }
      ]
    },
    {
      "module": "module.config-vpc",
      "mode": "managed",
      "type": "nxos_vpc_keepalive",
      "name": "vpc-keepalive-agg02",
      "provider": "module.config-vpc.provider[\"registry.terraform.io/ciscodevnet/nxos\"].twe-agg02",
      "instances": [
        {
          "schema_version": 0,
          "attributes": {
            "destination_ip": "1.1.1.1",
            "device": null,
            "flush_timeout": 3,
            "id": "sys/vpc/inst/dom/keepalive",
            "interval": 1000,
            "precedence_type": 0,
            "precedence_value": 6,
            "source_ip": "1.1.1.2",
            "timeout": 5,
            "type_of_service_byte": 0,
            "type_of_service_configuration_type": 0,
            "type_of_service_type": 4,
            "type_of_service_value": 0,
            "udp_port": null,
            "vrf": "vpc"
          },
          "sensitive_attributes": [],
          "private": "eyJpbXBvcnRpbmciOiJNQT09In0="
        }
      ]
    },
    {
      "module": "module.config-vpc",
      "mode": "managed",
      "type": "nxos_vpc_peerlink",
      "name": "vpc-peerlink-agg01",
      "provider": "module.config-vpc.provider[\"registry.terraform.io/ciscodevnet/nxos\"].twe-agg01",
      "instances": [
        {
          "schema_version": 0,
          "attributes": {
            "device": null,
            "id": "sys/vpc/inst/dom/keepalive/peerlink",
            "port_channel_id": "po1"
          },
          "sensitive_attributes": [],
          "private": "eyJpbXBvcnRpbmciOiJNQT09In0="
        }
      ]
    },
    {
      "module": "module.config-vpc",
      "mode": "managed",
      "type": "nxos_vpc_peerlink",
      "name": "vpc-peerlink-agg02",
      "provider": "module.config-vpc.provider[\"registry.terraform.io/ciscodevnet/nxos\"].twe-agg02",
      "instances": [
        {
          "schema_version": 0,
          "attributes": {
            "device": null,
            "id": "sys/vpc/inst/dom/keepalive/peerlink",
            "port_channel_id": "po1"
          },
          "sensitive_attributes": [],
          "private": "eyJpbXBvcnRpbmciOiJNQT09In0="
        }
      ]
    }
  ],
  "check_results": null
}
